
Microsoft Visual Studio Solution File, Format Version 12.00
# Visual Studio Version 17
VisualStudioVersion = 17.3.32901.215
MinimumVisualStudioVersion = 10.0.40219.1
Project("{F184B08F-C81C-45F6-A57F-5ABD9991F28F}") = "PSWStandalone", "PSWStandalone\PSWStandalone.vbproj", "{1335E2A1-C948-4C1E-B94D-27672BC7FFE5}"
EndProject
Project("{FAE04EC0-301F-11D3-BF4B-00C04F79EFBC}") = "SolidNet", "SolidNet\SolidNet.csproj", "{108BD38D-A7D0-4F88-A4E4-1EA64560E394}"
EndProject
Global
	GlobalSection(SolutionConfigurationPlatforms) = preSolution
		Debug|Any CPU = Debug|Any CPU
		Release|Any CPU = Release|Any CPU
	EndGlobalSection
	GlobalSection(ProjectConfigurationPlatforms) = postSolution
		{1335E2A1-C948-4C1E-B94D-27672BC7FFE5}.Debug|Any CPU.ActiveCfg = Debug|Any CPU
		{1335E2A1-C948-4C1E-B94D-27672BC7FFE5}.Debug|Any CPU.Build.0 = Debug|Any CPU
		{1335E2A1-C948-4C1E-B94D-27672BC7FFE5}.Release|Any CPU.ActiveCfg = Release|Any CPU
		{1335E2A1-C948-4C1E-B94D-27672BC7FFE5}.Release|Any CPU.Build.0 = Release|Any CPU
		{108BD38D-A7D0-4F88-A4E4-1EA64560E394}.Debug|Any CPU.ActiveCfg = Debug|Any CPU
		{108BD38D-A7D0-4F88-A4E4-1EA64560E394}.Debug|Any CPU.Build.0 = Debug|Any CPU
		{108BD38D-A7D0-4F88-A4E4-1EA64560E394}.Release|Any CPU.ActiveCfg = Release|Any CPU
		{108BD38D-A7D0-4F88-A4E4-1EA64560E394}.Release|Any CPU.Build.0 = Release|Any CPU
	EndGlobalSection
	GlobalSection(SolutionProperties) = preSolution
		HideSolutionNode = FALSE
	EndGlobalSection
	GlobalSection(ExtensibilityGlobals) = postSolution
		SolutionGuid = {876D3B1D-CF00-4466-86F1-911E3CE96184}
	EndGlobalSection
EndGlobal
